
Microsoft Visual Studio Solution File, Format Version 12.00
# Visual Studio Version 17
VisualStudioVersion = 17.1.32210.238
MinimumVisualStudioVersion = 10.0.40219.1
Project("{FAE04EC0-301F-11D3-BF4B-00C04F79EFBC}") = "Stok Projesi", "Stok Projesi.csproj", "{B2420F3C-51DC-4424-94FB-78CDF13ACE2A}"
EndProject
Global
	GlobalSection(SolutionConfigurationPlatforms) = preSolution
		Debug|Any CPU = Debug|Any CPU
		Release|Any CPU = Release|Any CPU
	EndGlobalSection
	GlobalSection(ProjectConfigurationPlatforms) = postSolution
		{B2420F3C-51DC-4424-94FB-78CDF13ACE2A}.Debug|Any CPU.ActiveCfg = Debug|Any CPU
		{B2420F3C-51DC-4424-94FB-78CDF13ACE2A}.Debug|Any CPU.Build.0 = Debug|Any CPU
		{B2420F3C-51DC-4424-94FB-78CDF13ACE2A}.Release|Any CPU.ActiveCfg = Release|Any CPU
		{B2420F3C-51DC-4424-94FB-78CDF13ACE2A}.Release|Any CPU.Build.0 = Release|Any CPU
	EndGlobalSection
	GlobalSection(SolutionProperties) = preSolution
		HideSolutionNode = FALSE
	EndGlobalSection
	GlobalSection(ExtensibilityGlobals) = postSolution
		SolutionGuid = {7ED5780A-EA88-4F80-99A9-3290EE893F13}
	EndGlobalSection
EndGlobal
